// !$*UTF8*$!
{
	archiveVersion = 1;
	classes = {
	};
	objectVersion = 50;
	objects = {

/* Begin PBXBuildFile section */
		01802A0124F2A00700554DDF /* AppDelegate.swift in Sources */ = {isa = PBXBuildFile; fileRef = 01802A0024F2A00700554DDF /* AppDelegate.swift */; };
		01802A0324F2A00700554DDF /* SceneDelegate.swift in Sources */ = {isa = PBXBuildFile; fileRef = 01802A0224F2A00700554DDF /* SceneDelegate.swift */; };
		01802A0524F2A00700554DDF /* ViewController.swift in Sources */ = {isa = PBXBuildFile; fileRef = 01802A0424F2A00700554DDF /* ViewController.swift */; };
		01802A0824F2A00700554DDF /* Main.storyboard in Resources */ = {isa = PBXBuildFile; fileRef = 01802A0624F2A00700554DDF /* Main.storyboard */; };
		01802A0A24F2A00E00554DDF /* Assets.xcassets in Resources */ = {isa = PBXBuildFile; fileRef = 01802A0924F2A00E00554DDF /* Assets.xcassets */; };
		01802A0D24F2A00E00554DDF /* LaunchScreen.storyboard in Resources */ = {isa = PBXBuildFile; fileRef = 01802A0B24F2A00E00554DDF /* LaunchScreen.storyboard */; };
		01802A1524F2B17200554DDF /* AlarmTableViewCell.swift in Sources */ = {isa = PBXBuildFile; fileRef = 01802A1424F2B17200554DDF /* AlarmTableViewCell.swift */; };
		01802A1724F2B65B00554DDF /* Alarm.swift in Sources */ = {isa = PBXBuildFile; fileRef = 01802A1624F2B65B00554DDF /* Alarm.swift */; };
/* End PBXBuildFile section */

/* Begin PBXFileReference section */
		018029FD24F2A00700554DDF /* iOS_Alarm.app */ = {isa = PBXFileReference; explicitFileType = wrapper.application; includeInIndex = 0; path = iOS_Alarm.app; sourceTree = BUILT_PRODUCTS_DIR; };
		01802A0024F2A00700554DDF /* AppDelegate.swift */ = {isa = PBXFileReference; lastKnownFileType = sourcecode.swift; path = AppDelegate.swift; sourceTree = "<group>"; };
		01802A0224F2A00700554DDF /* SceneDelegate.swift */ = {isa = PBXFileReference; lastKnownFileType = sourcecode.swift; path = SceneDelegate.swift; sourceTree = "<group>"; };
		01802A0424F2A00700554DDF /* ViewController.swift */ = {isa = PBXFileReference; lastKnownFileType = sourcecode.swift; path = ViewController.swift; sourceTree = "<group>"; };
		01802A0724F2A00700554DDF /* Base */ = {isa = PBXFileReference; lastKnownFileType = file.storyboard; name = Base; path = Base.lproj/Main.storyboard; sourceTree = "<group>"; };
		01802A0924F2A00E00554DDF /* Assets.xcassets */ = {isa = PBXFileReference; lastKnownFileType = folder.assetcatalog; path = Assets.xcassets; sourceTree = "<group>"; };
		01802A0C24F2A00E00554DDF /* Base */ = {isa = PBXFileReference; lastKnownFileType = file.storyboard; name = Base; path = Base.lproj/LaunchScreen.storyboard; sourceTree = "<group>"; };
		01802A0E24F2A00E00554DDF /* Info.plist */ = {isa = PBXFileReference; lastKnownFileType = text.plist.xml; path = Info.plist; sourceTree = "<group>"; };
		01802A1424F2B17200554DDF /* AlarmTableViewCell.swift */ = {isa = PBXFileReference; lastKnownFileType = sourcecode.swift; path = AlarmTableViewCell.swift; sourceTree = "<group>"; };
		01802A1624F2B65B00554DDF /* Alarm.swift */ = {isa = PBXFileReference; lastKnownFileType = sourcecode.swift; path = Alarm.swift; sourceTree = "<group>"; };
/* End PBXFileReference section */

/* Begin PBXFrameworksBuildPhase section */
		018029FA24F2A00700554DDF /* Frameworks */ = {
			isa = PBXFrameworksBuildPhase;
			buildActionMask = 2147483647;
			files = (
			);
			runOnlyForDeploymentPostprocessing = 0;
		};
/* End PBXFrameworksBuildPhase section */

/* Begin PBXGroup section */
		018029F424F2A00700554DDF = {
			isa = PBXGroup;
			children = (
				018029FF24F2A00700554DDF /* iOS_Alarm */,
				018029FE24F2A00700554DDF /* Products */,
			);
			sourceTree = "<group>";
		};
		018029FE24F2A00700554DDF /* Products */ = {
			isa = PBXGroup;
			children = (
				018029FD24F2A00700554DDF /* iOS_Alarm.app */,
			);
			name = Products;
			sourceTree = "<group>";
		};
		018029FF24F2A00700554DDF /* iOS_Alarm */ = {
			isa = PBXGroup;
			children = (
				01802A0024F2A00700554DDF /* AppDelegate.swift */,
				01802A0224F2A00700554DDF /* SceneDelegate.swift */,
				01802A0424F2A00700554DDF /* ViewController.swift */,
				01802A0624F2A00700554DDF /* Main.storyboard */,
				01802A0924F2A00E00554DDF /* Assets.xcassets */,
				01802A0B24F2A00E00554DDF /* LaunchScreen.storyboard */,
				01802A0E24F2A00E00554DDF /* Info.plist */,
				01802A1424F2B17200554DDF /* AlarmTableViewCell.swift */,
				01802A1624F2B65B00554DDF /* Alarm.swift */,
			);
			path = iOS_Alarm;
			sourceTree = "<group>";
		};
/* End PBXGroup section */

/* Begin PBXNativeTarget section */
		018029FC24F2A00700554DDF /* iOS_Alarm */ = {
			isa = PBXNativeTarget;
			buildConfigurationList = 01802A1124F2A00E00554DDF /* Build configuration list for PBXNativeTarget "iOS_Alarm" */;
			buildPhases = (
				018029F924F2A00700554DDF /* Sources */,
				018029FA24F2A00700554DDF /* Frameworks */,
				018029FB24F2A00700554DDF /* Resources */,
			);
			buildRules = (
			);
			dependencies = (
			);
			name = iOS_Alarm;
			productName = iOS_Alarm;
			productReference = 018029FD24F2A00700554DDF /* iOS_Alarm.app */;
			productType = "com.apple.product-type.application";
		};
/* End PBXNativeTarget section */

/* Begin PBXProject section */
		018029F524F2A00700554DDF /* Project object */ = {
			isa = PBXProject;
			attributes = {
				LastSwiftUpdateCheck = 1150;
				LastUpgradeCheck = 1150;
				ORGANIZATIONNAME = "Sehwa Ryu";
				TargetAttributes = {
					018029FC24F2A00700554DDF = {
						CreatedOnToolsVersion = 11.5;
					};
				};
			};
			buildConfigurationList = 018029F824F2A00700554DDF /* Build configuration list for PBXProject "iOS_Alarm" */;
			compatibilityVersion = "Xcode 9.3";
			developmentRegion = en;
			hasScannedForEncodings = 0;
			knownRegions = (
				en,
				Base,
			);
			mainGroup = 018029F424F2A00700554DDF;
			productRefGroup = 018029FE24F2A00700554DDF /* Products */;
			projectDirPath = "";
			projectRoot = "";
			targets = (
				018029FC24F2A00700554DDF /* iOS_Alarm */,
			);
		};
/* End PBXProject section */

/* Begin PBXResourcesBuildPhase section */
		018029FB24F2A00700554DDF /* Resources */ = {
			isa = PBXResourcesBuildPhase;
			buildActionMask = 2147483647;
			files = (
				01802A0D24F2A00E00554DDF /* LaunchScreen.storyboard in Resources */,
				01802A0A24F2A00E00554DDF /* Assets.xcassets in Resources */,
				01802A0824F2A00700554DDF /* Main.storyboard in Resources */,
			);
			runOnlyForDeploymentPostprocessing = 0;
		};
/* End PBXResourcesBuildPhase section */

/* Begin PBXSourcesBuildPhase section */
		018029F924F2A00700554DDF /* Sources */ = {
			isa = PBXSourcesBuildPhase;
			buildActionMask = 2147483647;
			files = (
				01802A0524F2A00700554DDF /* ViewController.swift in Sources */,
				01802A0124F2A00700554DDF /* AppDelegate.swift in Sources */,
				01802A1724F2B65B00554DDF /* Alarm.swift in Sources */,
				01802A0324F2A00700554DDF /* SceneDelegate.swift in Sources */,
				01802A1524F2B17200554DDF /* AlarmTableViewCell.swift in Sources */,
			);
			runOnlyForDeploymentPostprocessing = 0;
		};
/* End PBXSourcesBuildPhase section */

/* Begin PBXVariantGroup section */
		01802A0624F2A00700554DDF /* Main.storyboard */ = {
			isa = PBXVariantGroup;
			children = (
				01802A0724F2A00700554DDF /* Base */,
			);
			name = Main.storyboard;
			sourceTree = "<group>";
		};
		01802A0B24F2A00E00554DDF /* LaunchScreen.storyboard */ = {
			isa = PBXVariantGroup;
			children = (
				01802A0C24F2A00E00554DDF /* Base */,
			);
			name = LaunchScreen.storyboard;
			sourceTree = "<group>";
		};
/* End PBXVariantGroup section */

/* Begin XCBuildConfiguration section */
		01802A0F24F2A00E00554DDF /* Debug */ = {
			isa = XCBuildConfiguration;
			buildSettings = {
				ALWAYS_SEARCH_USER_PATHS = NO;
				CLANG_ANALYZER_NONNULL = YES;
				CLANG_ANALYZER_NUMBER_OBJECT_CONVERSION = YES_AGGRESSIVE;
				CLANG_CXX_LANGUAGE_STANDARD = "gnu++14";
				CLANG_CXX_LIBRARY = "libc++";
				CLANG_ENABLE_MODULES = YES;
				CLANG_ENABLE_OBJC_ARC = YES;
				CLANG_ENABLE_OBJC_WEAK = YES;
				CLANG_WARN_BLOCK_CAPTURE_AUTORELEASING = YES;
				CLANG_WARN_BOOL_CONVERSION = YES;
				CLANG_WARN_COMMA = YES;
				CLANG_WARN_CONSTANT_CONVERSION = YES;
				CLANG_WARN_DEPRECATED_OBJC_IMPLEMENTATIONS = YES;
				CLANG_WARN_DIRECT_OBJC_ISA_USAGE = YES_ERROR;
				CLANG_WARN_DOCUMENTATION_COMMENTS = YES;
				CLANG_WARN_EMPTY_BODY = YES;
				CLANG_WARN_ENUM_CONVERSION = YES;
				CLANG_WARN_INFINITE_RECURSION = YES;
				CLANG_WARN_INT_CONVERSION = YES;
				CLANG_WARN_NON_LITERAL_NULL_CONVERSION = YES;
				CLANG_WARN_OBJC_IMPLICIT_RETAIN_SELF = YES;
				CLANG_WARN_OBJC_LITERAL_CONVERSION = YES;
				CLANG_WARN_OBJC_ROOT_CLASS = YES_ERROR;
				CLANG_WARN_RANGE_LOOP_ANALYSIS = YES;
				CLANG_WARN_STRICT_PROTOTYPES = YES;
				CLANG_WARN_SUSPICIOUS_MOVE = YES;
				CLANG_WARN_UNGUARDED_AVAILABILITY = YES_AGGRESSIVE;
				CLANG_WARN_UNREACHABLE_CODE = YES;
				CLANG_WARN__DUPLICATE_METHOD_MATCH = YES;
				COPY_PHASE_STRIP = NO;
				DEBUG_INFORMATION_FORMAT = dwarf;
				ENABLE_STRICT_OBJC_MSGSEND = YES;
				ENABLE_TESTABILITY = YES;
				GCC_C_LANGUAGE_STANDARD = gnu11;
				GCC_DYNAMIC_NO_PIC = NO;
				GCC_NO_COMMON_BLOCKS = YES;
				GCC_OPTIMIZATION_LEVEL = 0;
				GCC_PREPROCESSOR_DEFINITIONS = (
					"DEBUG=1",
					"$(inherited)",
				);
				GCC_WARN_64_TO_32_BIT_CONVERSION = YES;
				GCC_WARN_ABOUT_RETURN_TYPE = YES_ERROR;
				GCC_WARN_UNDECLARED_SELECTOR = YES;
				GCC_WARN_UNINITIALIZED_AUTOS = YES_AGGRESSIVE;
				GCC_WARN_UNUSED_FUNCTION = YES;
				GCC_WARN_UNUSED_VARIABLE = YES;
				IPHONEOS_DEPLOYMENT_TARGET = 13.5;
				MTL_ENABLE_DEBUG_INFO = INCLUDE_SOURCE;
				MTL_FAST_MATH = YES;
				ONLY_ACTIVE_ARCH = YES;
				SDKROOT = iphoneos;
				SWIFT_ACTIVE_COMPILATION_CONDITIONS = DEBUG;
				SWIFT_OPTIMIZATION_LEVEL = "-Onone";
			};
			name = Debug;
		};
		01802A1024F2A00E00554DDF /* Release */ = {
			isa = XCBuildConfiguration;
			buildSettings = {
				ALWAYS_SEARCH_USER_PATHS = NO;
				CLANG_ANALYZER_NONNULL = YES;
				CLANG_ANALYZER_NUMBER_OBJECT_CONVERSION = YES_AGGRESSIVE;
				CLANG_CXX_LANGUAGE_STANDARD = "gnu++14";
				CLANG_CXX_LIBRARY = "libc++";
				CLANG_ENABLE_MODULES = YES;
				CLANG_ENABLE_OBJC_ARC = YES;
				CLANG_ENABLE_OBJC_WEAK = YES;
				CLANG_WARN_BLOCK_CAPTURE_AUTORELEASING = YES;
				CLANG_WARN_BOOL_CONVERSION = YES;
				CLANG_WARN_COMMA = YES;
				CLANG_WARN_CONSTANT_CONVERSION = YES;
				CLANG_WARN_DEPRECATED_OBJC_IMPLEMENTATIONS = YES;
				CLANG_WARN_DIRECT_OBJC_ISA_USAGE = YES_ERROR;
				CLANG_WARN_DOCUMENTATION_COMMENTS = YES;
				CLANG_WARN_EMPTY_BODY = YES;
				CLANG_WARN_ENUM_CONVERSION = YES;
				CLANG_WARN_INFINITE_RECURSION = YES;
				CLANG_WARN_INT_CONVERSION = YES;
				CLANG_WARN_NON_LITERAL_NULL_CONVERSION = YES;
				CLANG_WARN_OBJC_IMPLICIT_RETAIN_SELF = YES;
				CLANG_WARN_OBJC_LITERAL_CONVERSION = YES;
				CLANG_WARN_OBJC_ROOT_CLASS = YES_ERROR;
				CLANG_WARN_RANGE_LOOP_ANALYSIS = YES;
				CLANG_WARN_STRICT_PROTOTYPES = YES;
				CLANG_WARN_SUSPICIOUS_MOVE = YES;
				CLANG_WARN_UNGUARDED_AVAILABILITY = YES_AGGRESSIVE;
				CLANG_WARN_UNREACHABLE_CODE = YES;
				CLANG_WARN__DUPLICATE_METHOD_MATCH = YES;
				COPY_PHASE_STRIP = NO;
				DEBUG_INFORMATION_FORMAT = "dwarf-with-dsym";
				ENABLE_NS_ASSERTIONS = NO;
				ENABLE_STRICT_OBJC_MSGSEND = YES;
				GCC_C_LANGUAGE_STANDARD = gnu11;
				GCC_NO_COMMON_BLOCKS = YES;
				GCC_WARN_64_TO_32_BIT_CONVERSION = YES;
				GCC_WARN_ABOUT_RETURN_TYPE = YES_ERROR;
				GCC_WARN_UNDECLARED_SELECTOR = YES;
				GCC_WARN_UNINITIALIZED_AUTOS = YES_AGGRESSIVE;
				GCC_WARN_UNUSED_FUNCTION = YES;
				GCC_WARN_UNUSED_VARIABLE = YES;
				IPHONEOS_DEPLOYMENT_TARGET = 13.5;
				MTL_ENABLE_DEBUG_INFO = NO;
				MTL_FAST_MATH = YES;
				SDKROOT = iphoneos;
				SWIFT_COMPILATION_MODE = wholemodule;
				SWIFT_OPTIMIZATION_LEVEL = "-O";
				VALIDATE_PRODUCT = YES;
			};
			name = Release;
		};
		01802A1224F2A00E00554DDF /* Debug */ = {
			isa = XCBuildConfiguration;
			buildSettings = {
				ASSETCATALOG_COMPILER_APPICON_NAME = AppIcon;
				CODE_SIGN_STYLE = Automatic;
				DEVELOPMENT_TEAM = 376MB7FHC5;
				INFOPLIST_FILE = iOS_Alarm/Info.plist;
				LD_RUNPATH_SEARCH_PATHS = (
					"$(inherited)",
					"@executable_path/Frameworks",
				);
				PRODUCT_BUNDLE_IDENTIFIER = "soph99.iOS-Alarm";
				PRODUCT_NAME = "$(TARGET_NAME)";
				SWIFT_VERSION = 5.0;
				TARGETED_DEVICE_FAMILY = "1,2";
			};
			name = Debug;
		};
		01802A1324F2A00E00554DDF /* Release */ = {
			isa = XCBuildConfiguration;
			buildSettings = {
				ASSETCATALOG_COMPILER_APPICON_NAME = AppIcon;
				CODE_SIGN_STYLE = Automatic;
				DEVELOPMENT_TEAM = 376MB7FHC5;
				INFOPLIST_FILE = iOS_Alarm/Info.plist;
				LD_RUNPATH_SEARCH_PATHS = (
					"$(inherited)",
					"@executable_path/Frameworks",
				);
				PRODUCT_BUNDLE_IDENTIFIER = "soph99.iOS-Alarm";
				PRODUCT_NAME = "$(TARGET_NAME)";
				SWIFT_VERSION = 5.0;
				TARGETED_DEVICE_FAMILY = "1,2";
			};
			name = Release;
		};
/* End XCBuildConfiguration section */

/* Begin XCConfigurationList section */
		018029F824F2A00700554DDF /* Build configuration list for PBXProject "iOS_Alarm" */ = {
			isa = XCConfigurationList;
			buildConfigurations = (
				01802A0F24F2A00E00554DDF /* Debug */,
				01802A1024F2A00E00554DDF /* Release */,
			);
			defaultConfigurationIsVisible = 0;
			defaultConfigurationName = Release;
		};
		01802A1124F2A00E00554DDF /* Build configuration list for PBXNativeTarget "iOS_Alarm" */ = {
			isa = XCConfigurationList;
			buildConfigurations = (
				01802A1224F2A00E00554DDF /* Debug */,
				01802A1324F2A00E00554DDF /* Release */,
			);
			defaultConfigurationIsVisible = 0;
			defaultConfigurationName = Release;
		};
/* End XCConfigurationList section */
	};
	rootObject = 018029F524F2A00700554DDF /* Project object */;
}
